
Microsoft Visual Studio Solution File, Format Version 12.00
# Visual Studio 15
VisualStudioVersion = 15.0.28010.2019
MinimumVisualStudioVersion = 10.0.40219.1
Project("{FAE04EC0-301F-11D3-BF4B-00C04F79EFBC}") = "session1", "session1\session1.csproj", "{5BE4794B-CCD9-43D5-A498-9E538472A9D0}"
EndProject
Global
	GlobalSection(SolutionConfigurationPlatforms) = preSolution
		Debug|Any CPU = Debug|Any CPU
		Release|Any CPU = Release|Any CPU
	EndGlobalSection
	GlobalSection(ProjectConfigurationPlatforms) = postSolution
		{5BE4794B-CCD9-43D5-A498-9E538472A9D0}.Debug|Any CPU.ActiveCfg = Debug|Any CPU
		{5BE4794B-CCD9-43D5-A498-9E538472A9D0}.Debug|Any CPU.Build.0 = Debug|Any CPU
		{5BE4794B-CCD9-43D5-A498-9E538472A9D0}.Release|Any CPU.ActiveCfg = Release|Any CPU
		{5BE4794B-CCD9-43D5-A498-9E538472A9D0}.Release|Any CPU.Build.0 = Release|Any CPU
	EndGlobalSection
	GlobalSection(SolutionProperties) = preSolution
		HideSolutionNode = FALSE
	EndGlobalSection
	GlobalSection(ExtensibilityGlobals) = postSolution
		SolutionGuid = {1B02A101-9DEE-4605-A186-FDD912EA3D6A}
	EndGlobalSection
EndGlobal
